
Microsoft Visual Studio Solution File, Format Version 12.00
# Visual Studio Version 17
VisualStudioVersion = 17.0.32014.148
MinimumVisualStudioVersion = 10.0.40219.1
Project("{9A19103F-16F7-4668-BE54-9A1E7A4F7556}") = "OfxNet", "src\OfxNet\OfxNet.csproj", "{FB4B0B05-D087-464A-B03C-7B512AE0735D}"
EndProject
Project("{9A19103F-16F7-4668-BE54-9A1E7A4F7556}") = "OfxNet.UnitTests", "test\OfxNet.UnitTests\OfxNet.UnitTests.csproj", "{4DBA4695-02D6-49C2-810A-DE8DFE7B70EB}"
EndProject
Project("{9A19103F-16F7-4668-BE54-9A1E7A4F7556}") = "OfxNet.IntegrationTests", "test\OfxNet.IntegrationTests\OfxNet.IntegrationTests.csproj", "{1A1F0950-9156-44A0-BFE8-4E5B001F9A84}"
EndProject
Project("{2150E333-8FDC-42A3-9474-1A3956D46DE8}") = "Solution Items", "Solution Items", "{9820D1F4-882C-4CF1-8E02-71939CE4B3A7}"
	ProjectSection(SolutionItems) = preProject
		.editorconfig = .editorconfig
		Directory.Build.props = Directory.Build.props
		.github\workflows\dotnet.yml = .github\workflows\dotnet.yml
		LICENSE = LICENSE
		.github\workflows\ofxnet-pr.yml = .github\workflows\ofxnet-pr.yml
		README.md = README.md
	EndProjectSection
EndProject
Global
	GlobalSection(SolutionConfigurationPlatforms) = preSolution
		Debug|Any CPU = Debug|Any CPU
		Release|Any CPU = Release|Any CPU
	EndGlobalSection
	GlobalSection(ProjectConfigurationPlatforms) = postSolution
		{FB4B0B05-D087-464A-B03C-7B512AE0735D}.Debug|Any CPU.ActiveCfg = Debug|Any CPU
		{FB4B0B05-D087-464A-B03C-7B512AE0735D}.Debug|Any CPU.Build.0 = Debug|Any CPU
		{FB4B0B05-D087-464A-B03C-7B512AE0735D}.Release|Any CPU.ActiveCfg = Release|Any CPU
		{FB4B0B05-D087-464A-B03C-7B512AE0735D}.Release|Any CPU.Build.0 = Release|Any CPU
		{4DBA4695-02D6-49C2-810A-DE8DFE7B70EB}.Debug|Any CPU.ActiveCfg = Debug|Any CPU
		{4DBA4695-02D6-49C2-810A-DE8DFE7B70EB}.Debug|Any CPU.Build.0 = Debug|Any CPU
		{4DBA4695-02D6-49C2-810A-DE8DFE7B70EB}.Release|Any CPU.ActiveCfg = Release|Any CPU
		{4DBA4695-02D6-49C2-810A-DE8DFE7B70EB}.Release|Any CPU.Build.0 = Release|Any CPU
		{1A1F0950-9156-44A0-BFE8-4E5B001F9A84}.Debug|Any CPU.ActiveCfg = Debug|Any CPU
		{1A1F0950-9156-44A0-BFE8-4E5B001F9A84}.Debug|Any CPU.Build.0 = Debug|Any CPU
		{1A1F0950-9156-44A0-BFE8-4E5B001F9A84}.Release|Any CPU.ActiveCfg = Release|Any CPU
		{1A1F0950-9156-44A0-BFE8-4E5B001F9A84}.Release|Any CPU.Build.0 = Release|Any CPU
	EndGlobalSection
	GlobalSection(SolutionProperties) = preSolution
		HideSolutionNode = FALSE
	EndGlobalSection
	GlobalSection(ExtensibilityGlobals) = postSolution
		SolutionGuid = {7492CEA8-A295-49E5-9FCC-B73A946B95A0}
	EndGlobalSection
EndGlobal
